
Microsoft Visual Studio Solution File, Format Version 12.00
# Visual Studio Version 17
VisualStudioVersion = 17.7.33808.371
MinimumVisualStudioVersion = 10.0.40219.1
Project("{FAE04EC0-301F-11D3-BF4B-00C04F79EFBC}") = "Starwars.YodaQuotes", "Starwars.YodaQuotes.csproj", "{516FAEDC-50DE-401A-BE0D-5F87C7754C01}"
EndProject
Global
	GlobalSection(SolutionConfigurationPlatforms) = preSolution
		Debug|Any CPU = Debug|Any CPU
		Release|Any CPU = Release|Any CPU
	EndGlobalSection
	GlobalSection(ProjectConfigurationPlatforms) = postSolution
		{516FAEDC-50DE-401A-BE0D-5F87C7754C01}.Debug|Any CPU.ActiveCfg = Debug|Any CPU
		{516FAEDC-50DE-401A-BE0D-5F87C7754C01}.Debug|Any CPU.Build.0 = Debug|Any CPU
		{516FAEDC-50DE-401A-BE0D-5F87C7754C01}.Release|Any CPU.ActiveCfg = Release|Any CPU
		{516FAEDC-50DE-401A-BE0D-5F87C7754C01}.Release|Any CPU.Build.0 = Release|Any CPU
	EndGlobalSection
	GlobalSection(SolutionProperties) = preSolution
		HideSolutionNode = FALSE
	EndGlobalSection
	GlobalSection(ExtensibilityGlobals) = postSolution
		SolutionGuid = {D95D7133-C965-4EBC-8310-2FEE024ABADB}
	EndGlobalSection
EndGlobal
